
Microsoft Visual Studio Solution File, Format Version 12.00
# Visual Studio 14
VisualStudioVersion = 14.0.25420.1
MinimumVisualStudioVersion = 10.0.40219.1
Project("{FAE04EC0-301F-11D3-BF4B-00C04F79EFBC}") = "RegistroGastosEAN", "RegistroGastosEAN\RegistroGastosEAN.csproj", "{D39DF1DE-CD36-4179-A2B8-6C9EC21492BD}"
EndProject
Project("{FAE04EC0-301F-11D3-BF4B-00C04F79EFBC}") = "RegistroGastosEAN.Tests", "RegistroGastosEAN.Tests\RegistroGastosEAN.Tests.csproj", "{B1FB341C-F65E-4C73-B1DF-30734C04BF30}"
EndProject
Global
	GlobalSection(SolutionConfigurationPlatforms) = preSolution
		Debug|Any CPU = Debug|Any CPU
		Release|Any CPU = Release|Any CPU
	EndGlobalSection
	GlobalSection(ProjectConfigurationPlatforms) = postSolution
		{D39DF1DE-CD36-4179-A2B8-6C9EC21492BD}.Debug|Any CPU.ActiveCfg = Debug|Any CPU
		{D39DF1DE-CD36-4179-A2B8-6C9EC21492BD}.Debug|Any CPU.Build.0 = Debug|Any CPU
		{D39DF1DE-CD36-4179-A2B8-6C9EC21492BD}.Release|Any CPU.ActiveCfg = Release|Any CPU
		{D39DF1DE-CD36-4179-A2B8-6C9EC21492BD}.Release|Any CPU.Build.0 = Release|Any CPU
		{B1FB341C-F65E-4C73-B1DF-30734C04BF30}.Debug|Any CPU.ActiveCfg = Debug|Any CPU
		{B1FB341C-F65E-4C73-B1DF-30734C04BF30}.Debug|Any CPU.Build.0 = Debug|Any CPU
		{B1FB341C-F65E-4C73-B1DF-30734C04BF30}.Release|Any CPU.ActiveCfg = Release|Any CPU
		{B1FB341C-F65E-4C73-B1DF-30734C04BF30}.Release|Any CPU.Build.0 = Release|Any CPU
	EndGlobalSection
	GlobalSection(SolutionProperties) = preSolution
		HideSolutionNode = FALSE
	EndGlobalSection
EndGlobal
